// !$*UTF8*$!
{
	archiveVersion = 1;
	classes = {
	};
	objectVersion = 77;
	objects = {

/* Begin PBXContainerItemProxy section */
		7217DE332D70A2720021C644 /* PBXContainerItemProxy */ = {
			isa = PBXContainerItemProxy;
			containerPortal = 7217DE0F2D70A26F0021C644 /* Project object */;
			proxyType = 1;
			remoteGlobalIDString = 7217DE162D70A2700021C644;
			remoteInfo = BoardGame;
		};
		7217DE3D2D70A2720021C644 /* PBXContainerItemProxy */ = {
			isa = PBXContainerItemProxy;
			containerPortal = 7217DE0F2D70A26F0021C644 /* Project object */;
			proxyType = 1;
			remoteGlobalIDString = 7217DE162D70A2700021C644;
			remoteInfo = BoardGame;
		};
/* End PBXContainerItemProxy section */

/* Begin PBXFileReference section */
		7217DE172D70A2700021C644 /* BoardGame.app */ = {isa = PBXFileReference; explicitFileType = wrapper.application; includeInIndex = 0; path = BoardGame.app; sourceTree = BUILT_PRODUCTS_DIR; };
		7217DE322D70A2720021C644 /* BoardGameTests.xctest */ = {isa = PBXFileReference; explicitFileType = wrapper.cfbundle; includeInIndex = 0; path = BoardGameTests.xctest; sourceTree = BUILT_PRODUCTS_DIR; };
		7217DE3C2D70A2720021C644 /* BoardGameUITests.xctest */ = {isa = PBXFileReference; explicitFileType = wrapper.cfbundle; includeInIndex = 0; path = BoardGameUITests.xctest; sourceTree = BUILT_PRODUCTS_DIR; };
/* End PBXFileReference section */

/* Begin PBXFileSystemSynchronizedBuildFileExceptionSet section */
		7217DE442D70A2720021C644 /* Exceptions for "BoardGame" folder in "BoardGame" target */ = {
			isa = PBXFileSystemSynchronizedBuildFileExceptionSet;
			membershipExceptions = (
				Info.plist,
			);
			target = 7217DE162D70A2700021C644 /* BoardGame */;
		};
/* End PBXFileSystemSynchronizedBuildFileExceptionSet section */

/* Begin PBXFileSystemSynchronizedRootGroup section */
		7217DE192D70A2700021C644 /* BoardGame */ = {
			isa = PBXFileSystemSynchronizedRootGroup;
			exceptions = (
				7217DE442D70A2720021C644 /* Exceptions for "BoardGame" folder in "BoardGame" target */,
			);
			path = BoardGame;
			sourceTree = "<group>";
		};
		7217DE352D70A2720021C644 /* BoardGameTests */ = {
			isa = PBXFileSystemSynchronizedRootGroup;
			path = BoardGameTests;
			sourceTree = "<group>";
		};
		7217DE3F2D70A2720021C644 /* BoardGameUITests */ = {
			isa = PBXFileSystemSynchronizedRootGroup;
			path = BoardGameUITests;
			sourceTree = "<group>";
		};
/* End PBXFileSystemSynchronizedRootGroup section */

/* Begin PBXFrameworksBuildPhase section */
		7217DE142D70A2700021C644 /* Frameworks */ = {
			isa = PBXFrameworksBuildPhase;
			buildActionMask = 2147483647;
			files = (
			);
			runOnlyForDeploymentPostprocessing = 0;
		};
		7217DE2F2D70A2720021C644 /* Frameworks */ = {
			isa = PBXFrameworksBuildPhase;
			buildActionMask = 2147483647;
			files = (
			);
			runOnlyForDeploymentPostprocessing = 0;
		};
		7217DE392D70A2720021C644 /* Frameworks */ = {
			isa = PBXFrameworksBuildPhase;
			buildActionMask = 2147483647;
			files = (
			);
			runOnlyForDeploymentPostprocessing = 0;
		};
/* End PBXFrameworksBuildPhase section */

/* Begin PBXGroup section */
		7217DE0E2D70A26F0021C644 = {
			isa = PBXGroup;
			children = (
				7217DE192D70A2700021C644 /* BoardGame */,
				7217DE352D70A2720021C644 /* BoardGameTests */,
				7217DE3F2D70A2720021C644 /* BoardGameUITests */,
				7217DE182D70A2700021C644 /* Products */,
			);
			sourceTree = "<group>";
		};
		7217DE182D70A2700021C644 /* Products */ = {
			isa = PBXGroup;
			children = (
				7217DE172D70A2700021C644 /* BoardGame.app */,
				7217DE322D70A2720021C644 /* BoardGameTests.xctest */,
				7217DE3C2D70A2720021C644 /* BoardGameUITests.xctest */,
			);
			name = Products;
			sourceTree = "<group>";
		};
/* End PBXGroup section */

/* Begin PBXNativeTarget section */
		7217DE162D70A2700021C644 /* BoardGame */ = {
			isa = PBXNativeTarget;
			buildConfigurationList = 7217DE452D70A2720021C644 /* Build configuration list for PBXNativeTarget "BoardGame" */;
			buildPhases = (
				7217DE132D70A2700021C644 /* Sources */,
				7217DE142D70A2700021C644 /* Frameworks */,
				7217DE152D70A2700021C644 /* Resources */,
			);
			buildRules = (
			);
			dependencies = (
			);
			fileSystemSynchronizedGroups = (
				7217DE192D70A2700021C644 /* BoardGame */,
			);
			name = BoardGame;
			packageProductDependencies = (
			);
			productName = BoardGame;
			productReference = 7217DE172D70A2700021C644 /* BoardGame.app */;
			productType = "com.apple.product-type.application";
		};
		7217DE312D70A2720021C644 /* BoardGameTests */ = {
			isa = PBXNativeTarget;
			buildConfigurationList = 7217DE4A2D70A2720021C644 /* Build configuration list for PBXNativeTarget "BoardGameTests" */;
			buildPhases = (
				7217DE2E2D70A2720021C644 /* Sources */,
				7217DE2F2D70A2720021C644 /* Frameworks */,
				7217DE302D70A2720021C644 /* Resources */,
			);
			buildRules = (
			);
			dependencies = (
				7217DE342D70A2720021C644 /* PBXTargetDependency */,
			);
			fileSystemSynchronizedGroups = (
				7217DE352D70A2720021C644 /* BoardGameTests */,
			);
			name = BoardGameTests;
			packageProductDependencies = (
			);
			productName = BoardGameTests;
			productReference = 7217DE322D70A2720021C644 /* BoardGameTests.xctest */;
			productType = "com.apple.product-type.bundle.unit-test";
		};
		7217DE3B2D70A2720021C644 /* BoardGameUITests */ = {
			isa = PBXNativeTarget;
			buildConfigurationList = 7217DE4D2D70A2720021C644 /* Build configuration list for PBXNativeTarget "BoardGameUITests" */;
			buildPhases = (
				7217DE382D70A2720021C644 /* Sources */,
				7217DE392D70A2720021C644 /* Frameworks */,
				7217DE3A2D70A2720021C644 /* Resources */,
			);
			buildRules = (
			);
			dependencies = (
				7217DE3E2D70A2720021C644 /* PBXTargetDependency */,
			);
			fileSystemSynchronizedGroups = (
				7217DE3F2D70A2720021C644 /* BoardGameUITests */,
			);
			name = BoardGameUITests;
			packageProductDependencies = (
			);
			productName = BoardGameUITests;
			productReference = 7217DE3C2D70A2720021C644 /* BoardGameUITests.xctest */;
			productType = "com.apple.product-type.bundle.ui-testing";
		};
/* End PBXNativeTarget section */

/* Begin PBXProject section */
		7217DE0F2D70A26F0021C644 /* Project object */ = {
			isa = PBXProject;
			attributes = {
				BuildIndependentTargetsInParallel = 1;
				LastUpgradeCheck = 1620;
				TargetAttributes = {
					7217DE162D70A2700021C644 = {
						CreatedOnToolsVersion = 16.2;
					};
					7217DE312D70A2720021C644 = {
						CreatedOnToolsVersion = 16.2;
						TestTargetID = 7217DE162D70A2700021C644;
					};
					7217DE3B2D70A2720021C644 = {
						CreatedOnToolsVersion = 16.2;
						TestTargetID = 7217DE162D70A2700021C644;
					};
				};
			};
			buildConfigurationList = 7217DE122D70A26F0021C644 /* Build configuration list for PBXProject "BoardGame" */;
			developmentRegion = en;
			hasScannedForEncodings = 0;
			knownRegions = (
				en,
				Base,
			);
			mainGroup = 7217DE0E2D70A26F0021C644;
			minimizedProjectReferenceProxies = 1;
			preferredProjectObjectVersion = 77;
			productRefGroup = 7217DE182D70A2700021C644 /* Products */;
			projectDirPath = "";
			projectRoot = "";
			targets = (
				7217DE162D70A2700021C644 /* BoardGame */,
				7217DE312D70A2720021C644 /* BoardGameTests */,
				7217DE3B2D70A2720021C644 /* BoardGameUITests */,
			);
		};
/* End PBXProject section */

/* Begin PBXResourcesBuildPhase section */
		7217DE152D70A2700021C644 /* Resources */ = {
			isa = PBXResourcesBuildPhase;
			buildActionMask = 2147483647;
			files = (
			);
			runOnlyForDeploymentPostprocessing = 0;
		};
		7217DE302D70A2720021C644 /* Resources */ = {
			isa = PBXResourcesBuildPhase;
			buildActionMask = 2147483647;
			files = (
			);
			runOnlyForDeploymentPostprocessing = 0;
		};
		7217DE3A2D70A2720021C644 /* Resources */ = {
			isa = PBXResourcesBuildPhase;
			buildActionMask = 2147483647;
			files = (
			);
			runOnlyForDeploymentPostprocessing = 0;
		};
/* End PBXResourcesBuildPhase section */

/* Begin PBXSourcesBuildPhase section */
		7217DE132D70A2700021C644 /* Sources */ = {
			isa = PBXSourcesBuildPhase;
			buildActionMask = 2147483647;
			files = (
			);
			runOnlyForDeploymentPostprocessing = 0;
		};
		7217DE2E2D70A2720021C644 /* Sources */ = {
			isa = PBXSourcesBuildPhase;
			buildActionMask = 2147483647;
			files = (
			);
			runOnlyForDeploymentPostprocessing = 0;
		};
		7217DE382D70A2720021C644 /* Sources */ = {
			isa = PBXSourcesBuildPhase;
			buildActionMask = 2147483647;
			files = (
			);
			runOnlyForDeploymentPostprocessing = 0;
		};
/* End PBXSourcesBuildPhase section */

/* Begin PBXTargetDependency section */
		7217DE342D70A2720021C644 /* PBXTargetDependency */ = {
			isa = PBXTargetDependency;
			target = 7217DE162D70A2700021C644 /* BoardGame */;
			targetProxy = 7217DE332D70A2720021C644 /* PBXContainerItemProxy */;
		};
		7217DE3E2D70A2720021C644 /* PBXTargetDependency */ = {
			isa = PBXTargetDependency;
			target = 7217DE162D70A2700021C644 /* BoardGame */;
			targetProxy = 7217DE3D2D70A2720021C644 /* PBXContainerItemProxy */;
		};
/* End PBXTargetDependency section */

/* Begin XCBuildConfiguration section */
		7217DE462D70A2720021C644 /* Debug */ = {
			isa = XCBuildConfiguration;
			buildSettings = {
				ASSETCATALOG_COMPILER_APPICON_NAME = AppIcon;
				ASSETCATALOG_COMPILER_GLOBAL_ACCENT_COLOR_NAME = AccentColor;
				CODE_SIGN_STYLE = Automatic;
				CURRENT_PROJECT_VERSION = 1;
				DEVELOPMENT_TEAM = NBJTDR77RR;
				GENERATE_INFOPLIST_FILE = YES;
				INFOPLIST_FILE = BoardGame/Info.plist;
				INFOPLIST_KEY_UIApplicationSupportsIndirectInputEvents = YES;
				INFOPLIST_KEY_UILaunchStoryboardName = LaunchScreen;
				INFOPLIST_KEY_UIMainStoryboardFile = Main;
				INFOPLIST_KEY_UISupportedInterfaceOrientations_iPad = "UIInterfaceOrientationPortrait UIInterfaceOrientationPortraitUpsideDown UIInterfaceOrientationLandscapeLeft UIInterfaceOrientationLandscapeRight";
				INFOPLIST_KEY_UISupportedInterfaceOrientations_iPhone = "UIInterfaceOrientationPortrait UIInterfaceOrientationLandscapeLeft UIInterfaceOrientationLandscapeRight";
				LD_RUNPATH_SEARCH_PATHS = (
					"$(inherited)",
					"@executable_path/Frameworks",
				);
				MARKETING_VERSION = 1.0;
				PRODUCT_BUNDLE_IDENTIFIER = com.boubacar.BoardGame;
				PRODUCT_NAME = "$(TARGET_NAME)";
				SWIFT_EMIT_LOC_STRINGS = YES;
				TARGETED_DEVICE_FAMILY = "1,2";
			};
			name = Debug;
		};
		7217DE472D70A2720021C644 /* Release */ = {
			isa = XCBuildConfiguration;
			buildSettings = {
				ASSETCATALOG_COMPILER_APPICON_NAME = AppIcon;
				ASSETCATALOG_COMPILER_GLOBAL_ACCENT_COLOR_NAME = AccentColor;
				CODE_SIGN_STYLE = Automatic;
				CURRENT_PROJECT_VERSION = 1;
				DEVELOPMENT_TEAM = NBJTDR77RR;
				GENERATE_INFOPLIST_FILE = YES;
				INFOPLIST_FILE = BoardGame/Info.plist;
				INFOPLIST_KEY_UIApplicationSupportsIndirectInputEvents = YES;
				INFOPLIST_KEY_UILaunchStoryboardName = LaunchScreen;
				INFOPLIST_KEY_UIMainStoryboardFile = Main;
				INFOPLIST_KEY_UISupportedInterfaceOrientations_iPad = "UIInterfaceOrientationPortrait UIInterfaceOrientationPortraitUpsideDown UIInterfaceOrientationLandscapeLeft UIInterfaceOrientationLandscapeRight";
				INFOPLIST_KEY_UISupportedInterfaceOrientations_iPhone = "UIInterfaceOrientationPortrait UIInterfaceOrientationLandscapeLeft UIInterfaceOrientationLandscapeRight";
				LD_RUNPATH_SEARCH_PATHS = (
					"$(inherited)",
					"@executable_path/Frameworks",
				);
				MARKETING_VERSION = 1.0;
				PRODUCT_BUNDLE_IDENTIFIER = com.boubacar.BoardGame;
				PRODUCT_NAME = "$(TARGET_NAME)";
				SWIFT_EMIT_LOC_STRINGS = YES;
				TARGETED_DEVICE_FAMILY = "1,2";
			};
			name = Release;
		};
		7217DE482D70A2720021C644 /* Debug */ = {
			isa = XCBuildConfiguration;
			buildSettings = {
				ALWAYS_SEARCH_USER_PATHS = NO;
				ASSETCATALOG_COMPILER_GENERATE_SWIFT_ASSET_SYMBOL_EXTENSIONS = YES;
				CLANG_ANALYZER_NONNULL = YES;
				CLANG_ANALYZER_NUMBER_OBJECT_CONVERSION = YES_AGGRESSIVE;
				CLANG_CXX_LANGUAGE_STANDARD = "gnu++20";
				CLANG_ENABLE_MODULES = YES;
				CLANG_ENABLE_OBJC_ARC = YES;
				CLANG_ENABLE_OBJC_WEAK = YES;
				CLANG_WARN_BLOCK_CAPTURE_AUTORELEASING = YES;
				CLANG_WARN_BOOL_CONVERSION = YES;
				CLANG_WARN_COMMA = YES;
				CLANG_WARN_CONSTANT_CONVERSION = YES;
				CLANG_WARN_DEPRECATED_OBJC_IMPLEMENTATIONS = YES;
				CLANG_WARN_DIRECT_OBJC_ISA_USAGE = YES_ERROR;
				CLANG_WARN_DOCUMENTATION_COMMENTS = YES;
				CLANG_WARN_EMPTY_BODY = YES;
				CLANG_WARN_ENUM_CONVERSION = YES;
				CLANG_WARN_INFINITE_RECURSION = YES;
				CLANG_WARN_INT_CONVERSION = YES;
				CLANG_WARN_NON_LITERAL_NULL_CONVERSION = YES;
				CLANG_WARN_OBJC_IMPLICIT_RETAIN_SELF = YES;
				CLANG_WARN_OBJC_LITERAL_CONVERSION = YES;
				CLANG_WARN_OBJC_ROOT_CLASS = YES_ERROR;
				CLANG_WARN_QUOTED_INCLUDE_IN_FRAMEWORK_HEADER = YES;
				CLANG_WARN_RANGE_LOOP_ANALYSIS = YES;
				CLANG_WARN_STRICT_PROTOTYPES = YES;
				CLANG_WARN_SUSPICIOUS_MOVE = YES;
				CLANG_WARN_UNGUARDED_AVAILABILITY = YES_AGGRESSIVE;
				CLANG_WARN_UNREACHABLE_CODE = YES;
				CLANG_WARN__DUPLICATE_METHOD_MATCH = YES;
				COPY_PHASE_STRIP = NO;
				DEBUG_INFORMATION_FORMAT = dwarf;
				ENABLE_STRICT_OBJC_MSGSEND = YES;
				ENABLE_TESTABILITY = YES;
				ENABLE_USER_SCRIPT_SANDBOXING = YES;
				GCC_C_LANGUAGE_STANDARD = gnu17;
				GCC_DYNAMIC_NO_PIC = NO;
				GCC_NO_COMMON_BLOCKS = YES;
				GCC_OPTIMIZATION_LEVEL = 0;
				GCC_PREPROCESSOR_DEFINITIONS = (
					"DEBUG=1",
					"$(inherited)",
				);
				GCC_WARN_64_TO_32_BIT_CONVERSION = YES;
				GCC_WARN_ABOUT_RETURN_TYPE = YES_ERROR;
				GCC_WARN_UNDECLARED_SELECTOR = YES;
				GCC_WARN_UNINITIALIZED_AUTOS = YES_AGGRESSIVE;
				GCC_WARN_UNUSED_FUNCTION = YES;
				GCC_WARN_UNUSED_VARIABLE = YES;
				IPHONEOS_DEPLOYMENT_TARGET = 18.2;
				LOCALIZATION_PREFERS_STRING_CATALOGS = YES;
				MTL_ENABLE_DEBUG_INFO = INCLUDE_SOURCE;
				MTL_FAST_MATH = YES;
				ONLY_ACTIVE_ARCH = YES;
				SDKROOT = iphoneos;
			};
			name = Debug;
		};
		7217DE492D70A2720021C644 /* Release */ = {
			isa = XCBuildConfiguration;
			buildSettings = {
				ALWAYS_SEARCH_USER_PATHS = NO;
				ASSETCATALOG_COMPILER_GENERATE_SWIFT_ASSET_SYMBOL_EXTENSIONS = YES;
				CLANG_ANALYZER_NONNULL = YES;
				CLANG_ANALYZER_NUMBER_OBJECT_CONVERSION = YES_AGGRESSIVE;
				CLANG_CXX_LANGUAGE_STANDARD = "gnu++20";
				CLANG_ENABLE_MODULES = YES;
				CLANG_ENABLE_OBJC_ARC = YES;
				CLANG_ENABLE_OBJC_WEAK = YES;
				CLANG_WARN_BLOCK_CAPTURE_AUTORELEASING = YES;
				CLANG_WARN_BOOL_CONVERSION = YES;
				CLANG_WARN_COMMA = YES;
				CLANG_WARN_CONSTANT_CONVERSION = YES;
				CLANG_WARN_DEPRECATED_OBJC_IMPLEMENTATIONS = YES;
				CLANG_WARN_DIRECT_OBJC_ISA_USAGE = YES_ERROR;
				CLANG_WARN_DOCUMENTATION_COMMENTS = YES;
				CLANG_WARN_EMPTY_BODY = YES;
				CLANG_WARN_ENUM_CONVERSION = YES;
				CLANG_WARN_INFINITE_RECURSION = YES;
				CLANG_WARN_INT_CONVERSION = YES;
				CLANG_WARN_NON_LITERAL_NULL_CONVERSION = YES;
				CLANG_WARN_OBJC_IMPLICIT_RETAIN_SELF = YES;
				CLANG_WARN_OBJC_LITERAL_CONVERSION = YES;
				CLANG_WARN_OBJC_ROOT_CLASS = YES_ERROR;
				CLANG_WARN_QUOTED_INCLUDE_IN_FRAMEWORK_HEADER = YES;
				CLANG_WARN_RANGE_LOOP_ANALYSIS = YES;
				CLANG_WARN_STRICT_PROTOTYPES = YES;
				CLANG_WARN_SUSPICIOUS_MOVE = YES;
				CLANG_WARN_UNGUARDED_AVAILABILITY = YES_AGGRESSIVE;
				CLANG_WARN_UNREACHABLE_CODE = YES;
				CLANG_WARN__DUPLICATE_METHOD_MATCH = YES;
				COPY_PHASE_STRIP = NO;
				DEBUG_INFORMATION_FORMAT = "dwarf-with-dsym";
				ENABLE_NS_ASSERTIONS = NO;
				ENABLE_STRICT_OBJC_MSGSEND = YES;
				ENABLE_USER_SCRIPT_SANDBOXING = YES;
				GCC_C_LANGUAGE_STANDARD = gnu17;
				GCC_NO_COMMON_BLOCKS = YES;
				GCC_WARN_64_TO_32_BIT_CONVERSION = YES;
				GCC_WARN_ABOUT_RETURN_TYPE = YES_ERROR;
				GCC_WARN_UNDECLARED_SELECTOR = YES;
				GCC_WARN_UNINITIALIZED_AUTOS = YES_AGGRESSIVE;
				GCC_WARN_UNUSED_FUNCTION = YES;
				GCC_WARN_UNUSED_VARIABLE = YES;
				IPHONEOS_DEPLOYMENT_TARGET = 18.2;
				LOCALIZATION_PREFERS_STRING_CATALOGS = YES;
				MTL_ENABLE_DEBUG_INFO = NO;
				MTL_FAST_MATH = YES;
				SDKROOT = iphoneos;
				VALIDATE_PRODUCT = YES;
			};
			name = Release;
		};
		7217DE4B2D70A2720021C644 /* Debug */ = {
			isa = XCBuildConfiguration;
			buildSettings = {
				BUNDLE_LOADER = "$(TEST_HOST)";
				CODE_SIGN_STYLE = Automatic;
				CURRENT_PROJECT_VERSION = 1;
				DEVELOPMENT_TEAM = NBJTDR77RR;
				GENERATE_INFOPLIST_FILE = YES;
				IPHONEOS_DEPLOYMENT_TARGET = 18.2;
				MARKETING_VERSION = 1.0;
				PRODUCT_BUNDLE_IDENTIFIER = com.boubacar.BoardGameTests;
				PRODUCT_NAME = "$(TARGET_NAME)";
				SWIFT_EMIT_LOC_STRINGS = NO;
				TARGETED_DEVICE_FAMILY = "1,2";
				TEST_HOST = "$(BUILT_PRODUCTS_DIR)/BoardGame.app/$(BUNDLE_EXECUTABLE_FOLDER_PATH)/BoardGame";
			};
			name = Debug;
		};
		7217DE4C2D70A2720021C644 /* Release */ = {
			isa = XCBuildConfiguration;
			buildSettings = {
				BUNDLE_LOADER = "$(TEST_HOST)";
				CODE_SIGN_STYLE = Automatic;
				CURRENT_PROJECT_VERSION = 1;
				DEVELOPMENT_TEAM = NBJTDR77RR;
				GENERATE_INFOPLIST_FILE = YES;
				IPHONEOS_DEPLOYMENT_TARGET = 18.2;
				MARKETING_VERSION = 1.0;
				PRODUCT_BUNDLE_IDENTIFIER = com.boubacar.BoardGameTests;
				PRODUCT_NAME = "$(TARGET_NAME)";
				SWIFT_EMIT_LOC_STRINGS = NO;
				TARGETED_DEVICE_FAMILY = "1,2";
				TEST_HOST = "$(BUILT_PRODUCTS_DIR)/BoardGame.app/$(BUNDLE_EXECUTABLE_FOLDER_PATH)/BoardGame";
			};
			name = Release;
		};
		7217DE4E2D70A2720021C644 /* Debug */ = {
			isa = XCBuildConfiguration;
			buildSettings = {
				CODE_SIGN_STYLE = Automatic;
				CURRENT_PROJECT_VERSION = 1;
				DEVELOPMENT_TEAM = NBJTDR77RR;
				GENERATE_INFOPLIST_FILE = YES;
				MARKETING_VERSION = 1.0;
				PRODUCT_BUNDLE_IDENTIFIER = com.boubacar.BoardGameUITests;
				PRODUCT_NAME = "$(TARGET_NAME)";
				SWIFT_EMIT_LOC_STRINGS = NO;
				TARGETED_DEVICE_FAMILY = "1,2";
				TEST_TARGET_NAME = BoardGame;
			};
			name = Debug;
		};
		7217DE4F2D70A2720021C644 /* Release */ = {
			isa = XCBuildConfiguration;
			buildSettings = {
				CODE_SIGN_STYLE = Automatic;
				CURRENT_PROJECT_VERSION = 1;
				DEVELOPMENT_TEAM = NBJTDR77RR;
				GENERATE_INFOPLIST_FILE = YES;
				MARKETING_VERSION = 1.0;
				PRODUCT_BUNDLE_IDENTIFIER = com.boubacar.BoardGameUITests;
				PRODUCT_NAME = "$(TARGET_NAME)";
				SWIFT_EMIT_LOC_STRINGS = NO;
				TARGETED_DEVICE_FAMILY = "1,2";
				TEST_TARGET_NAME = BoardGame;
			};
			name = Release;
		};
/* End XCBuildConfiguration section */

/* Begin XCConfigurationList section */
		7217DE122D70A26F0021C644 /* Build configuration list for PBXProject "BoardGame" */ = {
			isa = XCConfigurationList;
			buildConfigurations = (
				7217DE482D70A2720021C644 /* Debug */,
				7217DE492D70A2720021C644 /* Release */,
			);
			defaultConfigurationIsVisible = 0;
			defaultConfigurationName = Release;
		};
		7217DE452D70A2720021C644 /* Build configuration list for PBXNativeTarget "BoardGame" */ = {
			isa = XCConfigurationList;
			buildConfigurations = (
				7217DE462D70A2720021C644 /* Debug */,
				7217DE472D70A2720021C644 /* Release */,
			);
			defaultConfigurationIsVisible = 0;
			defaultConfigurationName = Release;
		};
		7217DE4A2D70A2720021C644 /* Build configuration list for PBXNativeTarget "BoardGameTests" */ = {
			isa = XCConfigurationList;
			buildConfigurations = (
				7217DE4B2D70A2720021C644 /* Debug */,
				7217DE4C2D70A2720021C644 /* Release */,
			);
			defaultConfigurationIsVisible = 0;
			defaultConfigurationName = Release;
		};
		7217DE4D2D70A2720021C644 /* Build configuration list for PBXNativeTarget "BoardGameUITests" */ = {
			isa = XCConfigurationList;
			buildConfigurations = (
				7217DE4E2D70A2720021C644 /* Debug */,
				7217DE4F2D70A2720021C644 /* Release */,
			);
			defaultConfigurationIsVisible = 0;
			defaultConfigurationName = Release;
		};
/* End XCConfigurationList section */
	};
	rootObject = 7217DE0F2D70A26F0021C644 /* Project object */;
}
